
Microsoft Visual Studio Solution File, Format Version 12.00
# Visual Studio Version 17
VisualStudioVersion = 17.8.34316.72
MinimumVisualStudioVersion = 10.0.40219.1
Project("{9A19103F-16F7-4668-BE54-9A1E7A4F7556}") = "ConsoleApp", "ConsoleApp\ConsoleApp.csproj", "{DA96663E-3D3A-4808-9ED6-5894C8800DA4}"
EndProject
Project("{FAE04EC0-301F-11D3-BF4B-00C04F79EFBC}") = "ConsoleApp.Tests", "ConsoleApp.Tests\ConsoleApp.Tests.csproj", "{7F39D1D7-D4E4-4436-A43B-A3A2496A6933}"
EndProject
Global
	GlobalSection(SolutionConfigurationPlatforms) = preSolution
		Debug|Any CPU = Debug|Any CPU
		Release|Any CPU = Release|Any CPU
	EndGlobalSection
	GlobalSection(ProjectConfigurationPlatforms) = postSolution
		{DA96663E-3D3A-4808-9ED6-5894C8800DA4}.Debug|Any CPU.ActiveCfg = Debug|Any CPU
		{DA96663E-3D3A-4808-9ED6-5894C8800DA4}.Debug|Any CPU.Build.0 = Debug|Any CPU
		{DA96663E-3D3A-4808-9ED6-5894C8800DA4}.Release|Any CPU.ActiveCfg = Release|Any CPU
		{DA96663E-3D3A-4808-9ED6-5894C8800DA4}.Release|Any CPU.Build.0 = Release|Any CPU
		{7F39D1D7-D4E4-4436-A43B-A3A2496A6933}.Debug|Any CPU.ActiveCfg = Debug|Any CPU
		{7F39D1D7-D4E4-4436-A43B-A3A2496A6933}.Debug|Any CPU.Build.0 = Debug|Any CPU
		{7F39D1D7-D4E4-4436-A43B-A3A2496A6933}.Release|Any CPU.ActiveCfg = Release|Any CPU
		{7F39D1D7-D4E4-4436-A43B-A3A2496A6933}.Release|Any CPU.Build.0 = Release|Any CPU
	EndGlobalSection
	GlobalSection(SolutionProperties) = preSolution
		HideSolutionNode = FALSE
	EndGlobalSection
	GlobalSection(ExtensibilityGlobals) = postSolution
		SolutionGuid = {FB5F7AF7-1C5F-4EAB-8D7A-AC9CA1C564C4}
	EndGlobalSection
EndGlobal
